{
    "_readme": [
        "This file locks the dependencies of your project to a known state",
        "Read more about it at https://getcomposer.org/doc/01-basic-usage.md#installing-dependencies",
        "This file is @generated automatically"
    ],
    "content-hash": "f6c44a58bec3dc9a70961bd02d0fb52b",
    "packages": [
        {
            "name": "symfony/apache-pack",
            "version": 7,
            "source": {
                "type": "git",
                "url": "https://github.com/symfony/apache-pack.git",
                "reference": "3aa5818d73ad2551281fc58a75afd9ca82622e6c"
            },
            "dist": {
                "type": "zip",
                "url": "https://api.github.com/repos/symfony/apache-pack/zipball/3aa5818d73ad2551281fc58a75afd9ca82622e6c",
                "reference": "3aa5818d73ad2551281fc58a75afd9ca82622e6c",
                "shasum": ""
            },
            "type": "symfony-pack",
            "notification-url": "https://packagist.org/downloads/",
            "license": [
                "MIT"
            ],
            "description": "A pack for Apache support in Symfony",
            "time": "2017-12-12T01:46:35+00:00"
        }
    ],
    "packages-dev": [],
    "aliases": [],
    "minimum-stability": "stable",
    "stability-flags": [],
    "prefer-stable": false,
    "prefer-lowest": false,
    "platform": [],
    "platform-dev": []
}
